// !$*UTF8*$!
{
	archiveVersion = 1;
	classes = {
	};
	objectVersion = 50;
	objects = {

/* Begin PBXBuildFile section */
		45B2431125514A9100989ADA /* 刻在你心底的名字.mp3 in Resources */ = {isa = PBXBuildFile; fileRef = 45B2431025514A9100989ADA /* 刻在你心底的名字.mp3 */; };
		4B045F83254E8ED90080E7EE /* ios_hw4App.swift in Sources */ = {isa = PBXBuildFile; fileRef = 4B045F82254E8ED90080E7EE /* ios_hw4App.swift */; };
		4B045F85254E8ED90080E7EE /* ContentView.swift in Sources */ = {isa = PBXBuildFile; fileRef = 4B045F84254E8ED90080E7EE /* ContentView.swift */; };
		4B045F87254E8EDB0080E7EE /* Assets.xcassets in Resources */ = {isa = PBXBuildFile; fileRef = 4B045F86254E8EDB0080E7EE /* Assets.xcassets */; };
		4B045F8A254E8EDB0080E7EE /* Preview Assets.xcassets in Resources */ = {isa = PBXBuildFile; fileRef = 4B045F89254E8EDB0080E7EE /* Preview Assets.xcassets */; };
		4B045F95254E8EDC0080E7EE /* ios_hw4Tests.swift in Sources */ = {isa = PBXBuildFile; fileRef = 4B045F94254E8EDC0080E7EE /* ios_hw4Tests.swift */; };
		4B045FA0254E8EDC0080E7EE /* ios_hw4UITests.swift in Sources */ = {isa = PBXBuildFile; fileRef = 4B045F9F254E8EDC0080E7EE /* ios_hw4UITests.swift */; };
		4BBA3FC5254EF7DB00CFD798 /* Dinner.swift in Sources */ = {isa = PBXBuildFile; fileRef = 4BBA3FC4254EF7DB00CFD798 /* Dinner.swift */; };
		4BBA3FCD254F0E9200CFD798 /* DinnerView.swift in Sources */ = {isa = PBXBuildFile; fileRef = 4BBA3FCC254F0E9200CFD798 /* DinnerView.swift */; };
/* End PBXBuildFile section */

/* Begin PBXContainerItemProxy section */
		4B045F91254E8EDC0080E7EE /* PBXContainerItemProxy */ = {
			isa = PBXContainerItemProxy;
			containerPortal = 4B045F77254E8ED90080E7EE /* Project object */;
			proxyType = 1;
			remoteGlobalIDString = 4B045F7E254E8ED90080E7EE;
			remoteInfo = ios_hw4;
		};
		4B045F9C254E8EDC0080E7EE /* PBXContainerItemProxy */ = {
			isa = PBXContainerItemProxy;
			containerPortal = 4B045F77254E8ED90080E7EE /* Project object */;
			proxyType = 1;
			remoteGlobalIDString = 4B045F7E254E8ED90080E7EE;
			remoteInfo = ios_hw4;
		};
/* End PBXContainerItemProxy section */

/* Begin PBXFileReference section */
		45B2431025514A9100989ADA /* 刻在你心底的名字.mp3 */ = {isa = PBXFileReference; lastKnownFileType = audio.mp3; path = "刻在你心底的名字.mp3"; sourceTree = "<group>"; };
		4B045F7F254E8ED90080E7EE /* ios_hw4.app */ = {isa = PBXFileReference; explicitFileType = wrapper.application; includeInIndex = 0; path = ios_hw4.app; sourceTree = BUILT_PRODUCTS_DIR; };
		4B045F82254E8ED90080E7EE /* ios_hw4App.swift */ = {isa = PBXFileReference; lastKnownFileType = sourcecode.swift; path = ios_hw4App.swift; sourceTree = "<group>"; };
		4B045F84254E8ED90080E7EE /* ContentView.swift */ = {isa = PBXFileReference; lastKnownFileType = sourcecode.swift; path = ContentView.swift; sourceTree = "<group>"; };
		4B045F86254E8EDB0080E7EE /* Assets.xcassets */ = {isa = PBXFileReference; lastKnownFileType = folder.assetcatalog; path = Assets.xcassets; sourceTree = "<group>"; };
		4B045F89254E8EDB0080E7EE /* Preview Assets.xcassets */ = {isa = PBXFileReference; lastKnownFileType = folder.assetcatalog; path = "Preview Assets.xcassets"; sourceTree = "<group>"; };
		4B045F8B254E8EDC0080E7EE /* Info.plist */ = {isa = PBXFileReference; lastKnownFileType = text.plist.xml; path = Info.plist; sourceTree = "<group>"; };
		4B045F90254E8EDC0080E7EE /* ios_hw4Tests.xctest */ = {isa = PBXFileReference; explicitFileType = wrapper.cfbundle; includeInIndex = 0; path = ios_hw4Tests.xctest; sourceTree = BUILT_PRODUCTS_DIR; };
		4B045F94254E8EDC0080E7EE /* ios_hw4Tests.swift */ = {isa = PBXFileReference; lastKnownFileType = sourcecode.swift; path = ios_hw4Tests.swift; sourceTree = "<group>"; };
		4B045F96254E8EDC0080E7EE /* Info.plist */ = {isa = PBXFileReference; lastKnownFileType = text.plist.xml; path = Info.plist; sourceTree = "<group>"; };
		4B045F9B254E8EDC0080E7EE /* ios_hw4UITests.xctest */ = {isa = PBXFileReference; explicitFileType = wrapper.cfbundle; includeInIndex = 0; path = ios_hw4UITests.xctest; sourceTree = BUILT_PRODUCTS_DIR; };
		4B045F9F254E8EDC0080E7EE /* ios_hw4UITests.swift */ = {isa = PBXFileReference; lastKnownFileType = sourcecode.swift; path = ios_hw4UITests.swift; sourceTree = "<group>"; };
		4B045FA1254E8EDC0080E7EE /* Info.plist */ = {isa = PBXFileReference; lastKnownFileType = text.plist.xml; path = Info.plist; sourceTree = "<group>"; };
		4BBA3FC4254EF7DB00CFD798 /* Dinner.swift */ = {isa = PBXFileReference; lastKnownFileType = sourcecode.swift; path = Dinner.swift; sourceTree = "<group>"; };
		4BBA3FCC254F0E9200CFD798 /* DinnerView.swift */ = {isa = PBXFileReference; lastKnownFileType = sourcecode.swift; path = DinnerView.swift; sourceTree = "<group>"; };
/* End PBXFileReference section */

/* Begin PBXFrameworksBuildPhase section */
		4B045F7C254E8ED90080E7EE /* Frameworks */ = {
			isa = PBXFrameworksBuildPhase;
			buildActionMask = 2147483647;
			files = (
			);
			runOnlyForDeploymentPostprocessing = 0;
		};
		4B045F8D254E8EDC0080E7EE /* Frameworks */ = {
			isa = PBXFrameworksBuildPhase;
			buildActionMask = 2147483647;
			files = (
			);
			runOnlyForDeploymentPostprocessing = 0;
		};
		4B045F98254E8EDC0080E7EE /* Frameworks */ = {
			isa = PBXFrameworksBuildPhase;
			buildActionMask = 2147483647;
			files = (
			);
			runOnlyForDeploymentPostprocessing = 0;
		};
/* End PBXFrameworksBuildPhase section */

/* Begin PBXGroup section */
		4B045F76254E8ED90080E7EE = {
			isa = PBXGroup;
			children = (
				4B045F81254E8ED90080E7EE /* ios_hw4 */,
				4B045F93254E8EDC0080E7EE /* ios_hw4Tests */,
				4B045F9E254E8EDC0080E7EE /* ios_hw4UITests */,
				4B045F80254E8ED90080E7EE /* Products */,
			);
			sourceTree = "<group>";
		};
		4B045F80254E8ED90080E7EE /* Products */ = {
			isa = PBXGroup;
			children = (
				4B045F7F254E8ED90080E7EE /* ios_hw4.app */,
				4B045F90254E8EDC0080E7EE /* ios_hw4Tests.xctest */,
				4B045F9B254E8EDC0080E7EE /* ios_hw4UITests.xctest */,
			);
			name = Products;
			sourceTree = "<group>";
		};
		4B045F81254E8ED90080E7EE /* ios_hw4 */ = {
			isa = PBXGroup;
			children = (
				45B2431025514A9100989ADA /* 刻在你心底的名字.mp3 */,
				4B045F82254E8ED90080E7EE /* ios_hw4App.swift */,
				4B045F84254E8ED90080E7EE /* ContentView.swift */,
				4BBA3FCC254F0E9200CFD798 /* DinnerView.swift */,
				4BBA3FC4254EF7DB00CFD798 /* Dinner.swift */,
				4B045F86254E8EDB0080E7EE /* Assets.xcassets */,
				4B045F8B254E8EDC0080E7EE /* Info.plist */,
				4B045F88254E8EDB0080E7EE /* Preview Content */,
			);
			path = ios_hw4;
			sourceTree = "<group>";
		};
		4B045F88254E8EDB0080E7EE /* Preview Content */ = {
			isa = PBXGroup;
			children = (
				4B045F89254E8EDB0080E7EE /* Preview Assets.xcassets */,
			);
			path = "Preview Content";
			sourceTree = "<group>";
		};
		4B045F93254E8EDC0080E7EE /* ios_hw4Tests */ = {
			isa = PBXGroup;
			children = (
				4B045F94254E8EDC0080E7EE /* ios_hw4Tests.swift */,
				4B045F96254E8EDC0080E7EE /* Info.plist */,
			);
			path = ios_hw4Tests;
			sourceTree = "<group>";
		};
		4B045F9E254E8EDC0080E7EE /* ios_hw4UITests */ = {
			isa = PBXGroup;
			children = (
				4B045F9F254E8EDC0080E7EE /* ios_hw4UITests.swift */,
				4B045FA1254E8EDC0080E7EE /* Info.plist */,
			);
			path = ios_hw4UITests;
			sourceTree = "<group>";
		};
/* End PBXGroup section */

/* Begin PBXNativeTarget section */
		4B045F7E254E8ED90080E7EE /* ios_hw4 */ = {
			isa = PBXNativeTarget;
			buildConfigurationList = 4B045FA4254E8EDC0080E7EE /* Build configuration list for PBXNativeTarget "ios_hw4" */;
			buildPhases = (
				4B045F7B254E8ED90080E7EE /* Sources */,
				4B045F7C254E8ED90080E7EE /* Frameworks */,
				4B045F7D254E8ED90080E7EE /* Resources */,
			);
			buildRules = (
			);
			dependencies = (
			);
			name = ios_hw4;
			productName = ios_hw4;
			productReference = 4B045F7F254E8ED90080E7EE /* ios_hw4.app */;
			productType = "com.apple.product-type.application";
		};
		4B045F8F254E8EDC0080E7EE /* ios_hw4Tests */ = {
			isa = PBXNativeTarget;
			buildConfigurationList = 4B045FA7254E8EDC0080E7EE /* Build configuration list for PBXNativeTarget "ios_hw4Tests" */;
			buildPhases = (
				4B045F8C254E8EDC0080E7EE /* Sources */,
				4B045F8D254E8EDC0080E7EE /* Frameworks */,
				4B045F8E254E8EDC0080E7EE /* Resources */,
			);
			buildRules = (
			);
			dependencies = (
				4B045F92254E8EDC0080E7EE /* PBXTargetDependency */,
			);
			name = ios_hw4Tests;
			productName = ios_hw4Tests;
			productReference = 4B045F90254E8EDC0080E7EE /* ios_hw4Tests.xctest */;
			productType = "com.apple.product-type.bundle.unit-test";
		};
		4B045F9A254E8EDC0080E7EE /* ios_hw4UITests */ = {
			isa = PBXNativeTarget;
			buildConfigurationList = 4B045FAA254E8EDC0080E7EE /* Build configuration list for PBXNativeTarget "ios_hw4UITests" */;
			buildPhases = (
				4B045F97254E8EDC0080E7EE /* Sources */,
				4B045F98254E8EDC0080E7EE /* Frameworks */,
				4B045F99254E8EDC0080E7EE /* Resources */,
			);
			buildRules = (
			);
			dependencies = (
				4B045F9D254E8EDC0080E7EE /* PBXTargetDependency */,
			);
			name = ios_hw4UITests;
			productName = ios_hw4UITests;
			productReference = 4B045F9B254E8EDC0080E7EE /* ios_hw4UITests.xctest */;
			productType = "com.apple.product-type.bundle.ui-testing";
		};
/* End PBXNativeTarget section */

/* Begin PBXProject section */
		4B045F77254E8ED90080E7EE /* Project object */ = {
			isa = PBXProject;
			attributes = {
				LastSwiftUpdateCheck = 1210;
				LastUpgradeCheck = 1210;
				TargetAttributes = {
					4B045F7E254E8ED90080E7EE = {
						CreatedOnToolsVersion = 12.1;
					};
					4B045F8F254E8EDC0080E7EE = {
						CreatedOnToolsVersion = 12.1;
						TestTargetID = 4B045F7E254E8ED90080E7EE;
					};
					4B045F9A254E8EDC0080E7EE = {
						CreatedOnToolsVersion = 12.1;
						TestTargetID = 4B045F7E254E8ED90080E7EE;
					};
				};
			};
			buildConfigurationList = 4B045F7A254E8ED90080E7EE /* Build configuration list for PBXProject "ios_hw4" */;
			compatibilityVersion = "Xcode 9.3";
			developmentRegion = en;
			hasScannedForEncodings = 0;
			knownRegions = (
				en,
				Base,
			);
			mainGroup = 4B045F76254E8ED90080E7EE;
			productRefGroup = 4B045F80254E8ED90080E7EE /* Products */;
			projectDirPath = "";
			projectRoot = "";
			targets = (
				4B045F7E254E8ED90080E7EE /* ios_hw4 */,
				4B045F8F254E8EDC0080E7EE /* ios_hw4Tests */,
				4B045F9A254E8EDC0080E7EE /* ios_hw4UITests */,
			);
		};
/* End PBXProject section */

/* Begin PBXResourcesBuildPhase section */
		4B045F7D254E8ED90080E7EE /* Resources */ = {
			isa = PBXResourcesBuildPhase;
			buildActionMask = 2147483647;
			files = (
				4B045F8A254E8EDB0080E7EE /* Preview Assets.xcassets in Resources */,
				45B2431125514A9100989ADA /* 刻在你心底的名字.mp3 in Resources */,
				4B045F87254E8EDB0080E7EE /* Assets.xcassets in Resources */,
			);
			runOnlyForDeploymentPostprocessing = 0;
		};
		4B045F8E254E8EDC0080E7EE /* Resources */ = {
			isa = PBXResourcesBuildPhase;
			buildActionMask = 2147483647;
			files = (
			);
			runOnlyForDeploymentPostprocessing = 0;
		};
		4B045F99254E8EDC0080E7EE /* Resources */ = {
			isa = PBXResourcesBuildPhase;
			buildActionMask = 2147483647;
			files = (
			);
			runOnlyForDeploymentPostprocessing = 0;
		};
/* End PBXResourcesBuildPhase section */

/* Begin PBXSourcesBuildPhase section */
		4B045F7B254E8ED90080E7EE /* Sources */ = {
			isa = PBXSourcesBuildPhase;
			buildActionMask = 2147483647;
			files = (
				4BBA3FC5254EF7DB00CFD798 /* Dinner.swift in Sources */,
				4B045F85254E8ED90080E7EE /* ContentView.swift in Sources */,
				4BBA3FCD254F0E9200CFD798 /* DinnerView.swift in Sources */,
				4B045F83254E8ED90080E7EE /* ios_hw4App.swift in Sources */,
			);
			runOnlyForDeploymentPostprocessing = 0;
		};
		4B045F8C254E8EDC0080E7EE /* Sources */ = {
			isa = PBXSourcesBuildPhase;
			buildActionMask = 2147483647;
			files = (
				4B045F95254E8EDC0080E7EE /* ios_hw4Tests.swift in Sources */,
			);
			runOnlyForDeploymentPostprocessing = 0;
		};
		4B045F97254E8EDC0080E7EE /* Sources */ = {
			isa = PBXSourcesBuildPhase;
			buildActionMask = 2147483647;
			files = (
				4B045FA0254E8EDC0080E7EE /* ios_hw4UITests.swift in Sources */,
			);
			runOnlyForDeploymentPostprocessing = 0;
		};
/* End PBXSourcesBuildPhase section */

/* Begin PBXTargetDependency section */
		4B045F92254E8EDC0080E7EE /* PBXTargetDependency */ = {
			isa = PBXTargetDependency;
			target = 4B045F7E254E8ED90080E7EE /* ios_hw4 */;
			targetProxy = 4B045F91254E8EDC0080E7EE /* PBXContainerItemProxy */;
		};
		4B045F9D254E8EDC0080E7EE /* PBXTargetDependency */ = {
			isa = PBXTargetDependency;
			target = 4B045F7E254E8ED90080E7EE /* ios_hw4 */;
			targetProxy = 4B045F9C254E8EDC0080E7EE /* PBXContainerItemProxy */;
		};
/* End PBXTargetDependency section */

/* Begin XCBuildConfiguration section */
		4B045FA2254E8EDC0080E7EE /* Debug */ = {
			isa = XCBuildConfiguration;
			buildSettings = {
				ALWAYS_SEARCH_USER_PATHS = NO;
				CLANG_ANALYZER_NONNULL = YES;
				CLANG_ANALYZER_NUMBER_OBJECT_CONVERSION = YES_AGGRESSIVE;
				CLANG_CXX_LANGUAGE_STANDARD = "gnu++14";
				CLANG_CXX_LIBRARY = "libc++";
				CLANG_ENABLE_MODULES = YES;
				CLANG_ENABLE_OBJC_ARC = YES;
				CLANG_ENABLE_OBJC_WEAK = YES;
				CLANG_WARN_BLOCK_CAPTURE_AUTORELEASING = YES;
				CLANG_WARN_BOOL_CONVERSION = YES;
				CLANG_WARN_COMMA = YES;
				CLANG_WARN_CONSTANT_CONVERSION = YES;
				CLANG_WARN_DEPRECATED_OBJC_IMPLEMENTATIONS = YES;
				CLANG_WARN_DIRECT_OBJC_ISA_USAGE = YES_ERROR;
				CLANG_WARN_DOCUMENTATION_COMMENTS = YES;
				CLANG_WARN_EMPTY_BODY = YES;
				CLANG_WARN_ENUM_CONVERSION = YES;
				CLANG_WARN_INFINITE_RECURSION = YES;
				CLANG_WARN_INT_CONVERSION = YES;
				CLANG_WARN_NON_LITERAL_NULL_CONVERSION = YES;
				CLANG_WARN_OBJC_IMPLICIT_RETAIN_SELF = YES;
				CLANG_WARN_OBJC_LITERAL_CONVERSION = YES;
				CLANG_WARN_OBJC_ROOT_CLASS = YES_ERROR;
				CLANG_WARN_QUOTED_INCLUDE_IN_FRAMEWORK_HEADER = YES;
				CLANG_WARN_RANGE_LOOP_ANALYSIS = YES;
				CLANG_WARN_STRICT_PROTOTYPES = YES;
				CLANG_WARN_SUSPICIOUS_MOVE = YES;
				CLANG_WARN_UNGUARDED_AVAILABILITY = YES_AGGRESSIVE;
				CLANG_WARN_UNREACHABLE_CODE = YES;
				CLANG_WARN__DUPLICATE_METHOD_MATCH = YES;
				COPY_PHASE_STRIP = NO;
				DEBUG_INFORMATION_FORMAT = dwarf;
				ENABLE_STRICT_OBJC_MSGSEND = YES;
				ENABLE_TESTABILITY = YES;
				GCC_C_LANGUAGE_STANDARD = gnu11;
				GCC_DYNAMIC_NO_PIC = NO;
				GCC_NO_COMMON_BLOCKS = YES;
				GCC_OPTIMIZATION_LEVEL = 0;
				GCC_PREPROCESSOR_DEFINITIONS = (
					"DEBUG=1",
					"$(inherited)",
				);
				GCC_WARN_64_TO_32_BIT_CONVERSION = YES;
				GCC_WARN_ABOUT_RETURN_TYPE = YES_ERROR;
				GCC_WARN_UNDECLARED_SELECTOR = YES;
				GCC_WARN_UNINITIALIZED_AUTOS = YES_AGGRESSIVE;
				GCC_WARN_UNUSED_FUNCTION = YES;
				GCC_WARN_UNUSED_VARIABLE = YES;
				IPHONEOS_DEPLOYMENT_TARGET = 14.1;
				MTL_ENABLE_DEBUG_INFO = INCLUDE_SOURCE;
				MTL_FAST_MATH = YES;
				ONLY_ACTIVE_ARCH = YES;
				SDKROOT = iphoneos;
				SWIFT_ACTIVE_COMPILATION_CONDITIONS = DEBUG;
				SWIFT_OPTIMIZATION_LEVEL = "-Onone";
			};
			name = Debug;
		};
		4B045FA3254E8EDC0080E7EE /* Release */ = {
			isa = XCBuildConfiguration;
			buildSettings = {
				ALWAYS_SEARCH_USER_PATHS = NO;
				CLANG_ANALYZER_NONNULL = YES;
				CLANG_ANALYZER_NUMBER_OBJECT_CONVERSION = YES_AGGRESSIVE;
				CLANG_CXX_LANGUAGE_STANDARD = "gnu++14";
				CLANG_CXX_LIBRARY = "libc++";
				CLANG_ENABLE_MODULES = YES;
				CLANG_ENABLE_OBJC_ARC = YES;
				CLANG_ENABLE_OBJC_WEAK = YES;
				CLANG_WARN_BLOCK_CAPTURE_AUTORELEASING = YES;
				CLANG_WARN_BOOL_CONVERSION = YES;
				CLANG_WARN_COMMA = YES;
				CLANG_WARN_CONSTANT_CONVERSION = YES;
				CLANG_WARN_DEPRECATED_OBJC_IMPLEMENTATIONS = YES;
				CLANG_WARN_DIRECT_OBJC_ISA_USAGE = YES_ERROR;
				CLANG_WARN_DOCUMENTATION_COMMENTS = YES;
				CLANG_WARN_EMPTY_BODY = YES;
				CLANG_WARN_ENUM_CONVERSION = YES;
				CLANG_WARN_INFINITE_RECURSION = YES;
				CLANG_WARN_INT_CONVERSION = YES;
				CLANG_WARN_NON_LITERAL_NULL_CONVERSION = YES;
				CLANG_WARN_OBJC_IMPLICIT_RETAIN_SELF = YES;
				CLANG_WARN_OBJC_LITERAL_CONVERSION = YES;
				CLANG_WARN_OBJC_ROOT_CLASS = YES_ERROR;
				CLANG_WARN_QUOTED_INCLUDE_IN_FRAMEWORK_HEADER = YES;
				CLANG_WARN_RANGE_LOOP_ANALYSIS = YES;
				CLANG_WARN_STRICT_PROTOTYPES = YES;
				CLANG_WARN_SUSPICIOUS_MOVE = YES;
				CLANG_WARN_UNGUARDED_AVAILABILITY = YES_AGGRESSIVE;
				CLANG_WARN_UNREACHABLE_CODE = YES;
				CLANG_WARN__DUPLICATE_METHOD_MATCH = YES;
				COPY_PHASE_STRIP = NO;
				DEBUG_INFORMATION_FORMAT = "dwarf-with-dsym";
				ENABLE_NS_ASSERTIONS = NO;
				ENABLE_STRICT_OBJC_MSGSEND = YES;
				GCC_C_LANGUAGE_STANDARD = gnu11;
				GCC_NO_COMMON_BLOCKS = YES;
				GCC_WARN_64_TO_32_BIT_CONVERSION = YES;
				GCC_WARN_ABOUT_RETURN_TYPE = YES_ERROR;
				GCC_WARN_UNDECLARED_SELECTOR = YES;
				GCC_WARN_UNINITIALIZED_AUTOS = YES_AGGRESSIVE;
				GCC_WARN_UNUSED_FUNCTION = YES;
				GCC_WARN_UNUSED_VARIABLE = YES;
				IPHONEOS_DEPLOYMENT_TARGET = 14.1;
				MTL_ENABLE_DEBUG_INFO = NO;
				MTL_FAST_MATH = YES;
				SDKROOT = iphoneos;
				SWIFT_COMPILATION_MODE = wholemodule;
				SWIFT_OPTIMIZATION_LEVEL = "-O";
				VALIDATE_PRODUCT = YES;
			};
			name = Release;
		};
		4B045FA5254E8EDC0080E7EE /* Debug */ = {
			isa = XCBuildConfiguration;
			buildSettings = {
				ASSETCATALOG_COMPILER_APPICON_NAME = AppIcon;
				ASSETCATALOG_COMPILER_GLOBAL_ACCENT_COLOR_NAME = AccentColor;
				CODE_SIGN_STYLE = Automatic;
				DEVELOPMENT_ASSET_PATHS = "\"ios_hw4/Preview Content\"";
				ENABLE_PREVIEWS = YES;
				INFOPLIST_FILE = ios_hw4/Info.plist;
				IPHONEOS_DEPLOYMENT_TARGET = 14.0;
				LD_RUNPATH_SEARCH_PATHS = (
					"$(inherited)",
					"@executable_path/Frameworks",
				);
				PRODUCT_BUNDLE_IDENTIFIER = "none.com.ios-hw4";
				PRODUCT_NAME = "$(TARGET_NAME)";
				SWIFT_VERSION = 5.0;
				TARGETED_DEVICE_FAMILY = "1,2";
			};
			name = Debug;
		};
		4B045FA6254E8EDC0080E7EE /* Release */ = {
			isa = XCBuildConfiguration;
			buildSettings = {
				ASSETCATALOG_COMPILER_APPICON_NAME = AppIcon;
				ASSETCATALOG_COMPILER_GLOBAL_ACCENT_COLOR_NAME = AccentColor;
				CODE_SIGN_STYLE = Automatic;
				DEVELOPMENT_ASSET_PATHS = "\"ios_hw4/Preview Content\"";
				ENABLE_PREVIEWS = YES;
				INFOPLIST_FILE = ios_hw4/Info.plist;
				IPHONEOS_DEPLOYMENT_TARGET = 14.0;
				LD_RUNPATH_SEARCH_PATHS = (
					"$(inherited)",
					"@executable_path/Frameworks",
				);
				PRODUCT_BUNDLE_IDENTIFIER = "none.com.ios-hw4";
				PRODUCT_NAME = "$(TARGET_NAME)";
				SWIFT_VERSION = 5.0;
				TARGETED_DEVICE_FAMILY = "1,2";
			};
			name = Release;
		};
		4B045FA8254E8EDC0080E7EE /* Debug */ = {
			isa = XCBuildConfiguration;
			buildSettings = {
				ALWAYS_EMBED_SWIFT_STANDARD_LIBRARIES = YES;
				BUNDLE_LOADER = "$(TEST_HOST)";
				CODE_SIGN_STYLE = Automatic;
				INFOPLIST_FILE = ios_hw4Tests/Info.plist;
				IPHONEOS_DEPLOYMENT_TARGET = 14.0;
				LD_RUNPATH_SEARCH_PATHS = (
					"$(inherited)",
					"@executable_path/Frameworks",
					"@loader_path/Frameworks",
				);
				PRODUCT_BUNDLE_IDENTIFIER = "none.com.ios-hw4Tests";
				PRODUCT_NAME = "$(TARGET_NAME)";
				SWIFT_VERSION = 5.0;
				TARGETED_DEVICE_FAMILY = "1,2";
				TEST_HOST = "$(BUILT_PRODUCTS_DIR)/ios_hw4.app/ios_hw4";
			};
			name = Debug;
		};
		4B045FA9254E8EDC0080E7EE /* Release */ = {
			isa = XCBuildConfiguration;
			buildSettings = {
				ALWAYS_EMBED_SWIFT_STANDARD_LIBRARIES = YES;
				BUNDLE_LOADER = "$(TEST_HOST)";
				CODE_SIGN_STYLE = Automatic;
				INFOPLIST_FILE = ios_hw4Tests/Info.plist;
				IPHONEOS_DEPLOYMENT_TARGET = 14.0;
				LD_RUNPATH_SEARCH_PATHS = (
					"$(inherited)",
					"@executable_path/Frameworks",
					"@loader_path/Frameworks",
				);
				PRODUCT_BUNDLE_IDENTIFIER = "none.com.ios-hw4Tests";
				PRODUCT_NAME = "$(TARGET_NAME)";
				SWIFT_VERSION = 5.0;
				TARGETED_DEVICE_FAMILY = "1,2";
				TEST_HOST = "$(BUILT_PRODUCTS_DIR)/ios_hw4.app/ios_hw4";
			};
			name = Release;
		};
		4B045FAB254E8EDC0080E7EE /* Debug */ = {
			isa = XCBuildConfiguration;
			buildSettings = {
				ALWAYS_EMBED_SWIFT_STANDARD_LIBRARIES = YES;
				CODE_SIGN_STYLE = Automatic;
				INFOPLIST_FILE = ios_hw4UITests/Info.plist;
				LD_RUNPATH_SEARCH_PATHS = (
					"$(inherited)",
					"@executable_path/Frameworks",
					"@loader_path/Frameworks",
				);
				PRODUCT_BUNDLE_IDENTIFIER = "none.com.ios-hw4UITests";
				PRODUCT_NAME = "$(TARGET_NAME)";
				SWIFT_VERSION = 5.0;
				TARGETED_DEVICE_FAMILY = "1,2";
				TEST_TARGET_NAME = ios_hw4;
			};
			name = Debug;
		};
		4B045FAC254E8EDC0080E7EE /* Release */ = {
			isa = XCBuildConfiguration;
			buildSettings = {
				ALWAYS_EMBED_SWIFT_STANDARD_LIBRARIES = YES;
				CODE_SIGN_STYLE = Automatic;
				INFOPLIST_FILE = ios_hw4UITests/Info.plist;
				LD_RUNPATH_SEARCH_PATHS = (
					"$(inherited)",
					"@executable_path/Frameworks",
					"@loader_path/Frameworks",
				);
				PRODUCT_BUNDLE_IDENTIFIER = "none.com.ios-hw4UITests";
				PRODUCT_NAME = "$(TARGET_NAME)";
				SWIFT_VERSION = 5.0;
				TARGETED_DEVICE_FAMILY = "1,2";
				TEST_TARGET_NAME = ios_hw4;
			};
			name = Release;
		};
/* End XCBuildConfiguration section */

/* Begin XCConfigurationList section */
		4B045F7A254E8ED90080E7EE /* Build configuration list for PBXProject "ios_hw4" */ = {
			isa = XCConfigurationList;
			buildConfigurations = (
				4B045FA2254E8EDC0080E7EE /* Debug */,
				4B045FA3254E8EDC0080E7EE /* Release */,
			);
			defaultConfigurationIsVisible = 0;
			defaultConfigurationName = Release;
		};
		4B045FA4254E8EDC0080E7EE /* Build configuration list for PBXNativeTarget "ios_hw4" */ = {
			isa = XCConfigurationList;
			buildConfigurations = (
				4B045FA5254E8EDC0080E7EE /* Debug */,
				4B045FA6254E8EDC0080E7EE /* Release */,
			);
			defaultConfigurationIsVisible = 0;
			defaultConfigurationName = Release;
		};
		4B045FA7254E8EDC0080E7EE /* Build configuration list for PBXNativeTarget "ios_hw4Tests" */ = {
			isa = XCConfigurationList;
			buildConfigurations = (
				4B045FA8254E8EDC0080E7EE /* Debug */,
				4B045FA9254E8EDC0080E7EE /* Release */,
			);
			defaultConfigurationIsVisible = 0;
			defaultConfigurationName = Release;
		};
		4B045FAA254E8EDC0080E7EE /* Build configuration list for PBXNativeTarget "ios_hw4UITests" */ = {
			isa = XCConfigurationList;
			buildConfigurations = (
				4B045FAB254E8EDC0080E7EE /* Debug */,
				4B045FAC254E8EDC0080E7EE /* Release */,
			);
			defaultConfigurationIsVisible = 0;
			defaultConfigurationName = Release;
		};
/* End XCConfigurationList section */
	};
	rootObject = 4B045F77254E8ED90080E7EE /* Project object */;
}
